{
  "name": "se3309-assignment4",
  "lockfileVersion": 2,
  "requires": true,
  "packages": {
    "": {
      "dependencies": {
        "@angular/common": "^15.0.1",
        "@auth0/angular-jwt": "^5.1.0",
        "angular-jwt": "^0.1.11"
      }
    },
    "node_modules/@angular/common": {
      "version": "15.0.1",
      "resolved": "https://registry.npmjs.org/@angular/common/-/common-15.0.1.tgz",
      "integrity": "sha512-XRD1Dj2aINyp5yYueCuwLU1y84z+ZFXeO84oNfwIu0unHszuo02iIzrV+yCm/ATwt6qUkIbe6xhZNjUorZecyA==",
      "dependencies": {
        "tslib": "^2.3.0"
      },
      "engines": {
        "node": "^14.20.0 || ^16.13.0 || >=18.10.0"
      },
      "peerDependencies": {
        "@angular/core": "15.0.1",
        "rxjs": "^6.5.3 || ^7.4.0"
      }
    },
    "node_modules/@angular/core": {
      "version": "15.0.1",
      "resolved": "https://registry.npmjs.org/@angular/core/-/core-15.0.1.tgz",
      "integrity": "sha512-idaKf9hhguyGn/yj5KMHIUEvW4PpeYcwlRUSoEskQC1799BsXwJyV0AwZ67GH1ltnAj34gbhMhDedcCLdhOffA==",
      "peer": true,
      "dependencies": {
        "tslib": "^2.3.0"
      },
      "engines": {
        "node": "^14.20.0 || ^16.13.0 || >=18.10.0"
      },
      "peerDependencies": {
        "rxjs": "^6.5.3 || ^7.4.0",
        "zone.js": "~0.11.4 || ~0.12.0"
      }
    },
    "node_modules/@auth0/angular-jwt": {
      "version": "5.1.0",
      "resolved": "https://registry.npmjs.org/@auth0/angular-jwt/-/angular-jwt-5.1.0.tgz",
      "integrity": "sha512-EAQoNKPQSZYphcX6FnY2e7xQpD4ZdHQ1DbHq/m+G1U1qA60m3XnhdjPPfu+blVHARlxEbRzWXc48UOVrnMsrZw==",
      "dependencies": {
        "tslib": "^2.0.0"
      },
      "peerDependencies": {
        "@angular/common": ">=12.0.0"
      }
    },
    "node_modules/angular-jwt": {
      "version": "0.1.11",
      "resolved": "https://registry.npmjs.org/angular-jwt/-/angular-jwt-0.1.11.tgz",
      "integrity": "sha512-793dv5vXOXaW5/cweMd+sqSf9dPhbazDya3szTVOQ84MDEj1nYLJrixBBa7WNtZeMqz7ylWX7djnFgqLjEWcHw==",
      "engines": {
        "node": ">=0.8.0"
      }
    },
    "node_modules/rxjs": {
      "version": "7.5.7",
      "resolved": "https://registry.npmjs.org/rxjs/-/rxjs-7.5.7.tgz",
      "integrity": "sha512-z9MzKh/UcOqB3i20H6rtrlaE/CgjLOvheWK/9ILrbhROGTweAi1BaFsTT9FbwZi5Trr1qNRs+MXkhmR06awzQA==",
      "peer": true,
      "dependencies": {
        "tslib": "^2.1.0"
      }
    },
    "node_modules/tslib": {
      "version": "2.4.1",
      "resolved": "https://registry.npmjs.org/tslib/-/tslib-2.4.1.tgz",
      "integrity": "sha512-tGyy4dAjRIEwI7BzsB0lynWgOpfqjUdq91XXAlIWD2OwKBH7oCl/GZG/HT4BOHrTlPMOASlMQ7veyTqpmRcrNA=="
    },
    "node_modules/zone.js": {
      "version": "0.12.0",
      "resolved": "https://registry.npmjs.org/zone.js/-/zone.js-0.12.0.tgz",
      "integrity": "sha512-XtC+I5dXU14HrzidAKBNMqneIVUykLEAA1x+v4KVrd6AUPWlwYORF8KgsVqvgdHiKZ4BkxxjvYi/ksEixTPR0Q==",
      "peer": true,
      "dependencies": {
        "tslib": "^2.3.0"
      }
    }
  },
  "dependencies": {
    "@angular/common": {
      "version": "15.0.1",
      "resolved": "https://registry.npmjs.org/@angular/common/-/common-15.0.1.tgz",
      "integrity": "sha512-XRD1Dj2aINyp5yYueCuwLU1y84z+ZFXeO84oNfwIu0unHszuo02iIzrV+yCm/ATwt6qUkIbe6xhZNjUorZecyA==",
      "requires": {
        "tslib": "^2.3.0"
      }
    },
    "@angular/core": {
      "version": "15.0.1",
      "resolved": "https://registry.npmjs.org/@angular/core/-/core-15.0.1.tgz",
      "integrity": "sha512-idaKf9hhguyGn/yj5KMHIUEvW4PpeYcwlRUSoEskQC1799BsXwJyV0AwZ67GH1ltnAj34gbhMhDedcCLdhOffA==",
      "peer": true,
      "requires": {
        "tslib": "^2.3.0"
      }
    },
    "@auth0/angular-jwt": {
      "version": "5.1.0",
      "resolved": "https://registry.npmjs.org/@auth0/angular-jwt/-/angular-jwt-5.1.0.tgz",
      "integrity": "sha512-EAQoNKPQSZYphcX6FnY2e7xQpD4ZdHQ1DbHq/m+G1U1qA60m3XnhdjPPfu+blVHARlxEbRzWXc48UOVrnMsrZw==",
      "requires": {
        "tslib": "^2.0.0"
      }
    },
    "angular-jwt": {
      "version": "0.1.11",
      "resolved": "https://registry.npmjs.org/angular-jwt/-/angular-jwt-0.1.11.tgz",
      "integrity": "sha512-793dv5vXOXaW5/cweMd+sqSf9dPhbazDya3szTVOQ84MDEj1nYLJrixBBa7WNtZeMqz7ylWX7djnFgqLjEWcHw=="
    },
    "rxjs": {
      "version": "7.5.7",
      "resolved": "https://registry.npmjs.org/rxjs/-/rxjs-7.5.7.tgz",
      "integrity": "sha512-z9MzKh/UcOqB3i20H6rtrlaE/CgjLOvheWK/9ILrbhROGTweAi1BaFsTT9FbwZi5Trr1qNRs+MXkhmR06awzQA==",
      "peer": true,
      "requires": {
        "tslib": "^2.1.0"
      }
    },
    "tslib": {
      "version": "2.4.1",
      "resolved": "https://registry.npmjs.org/tslib/-/tslib-2.4.1.tgz",
      "integrity": "sha512-tGyy4dAjRIEwI7BzsB0lynWgOpfqjUdq91XXAlIWD2OwKBH7oCl/GZG/HT4BOHrTlPMOASlMQ7veyTqpmRcrNA=="
    },
    "zone.js": {
      "version": "0.12.0",
      "resolved": "https://registry.npmjs.org/zone.js/-/zone.js-0.12.0.tgz",
      "integrity": "sha512-XtC+I5dXU14HrzidAKBNMqneIVUykLEAA1x+v4KVrd6AUPWlwYORF8KgsVqvgdHiKZ4BkxxjvYi/ksEixTPR0Q==",
      "peer": true,
      "requires": {
        "tslib": "^2.3.0"
      }
    }
  }
}
